
Microsoft Visual Studio Solution File, Format Version 12.00
# Visual Studio 15
VisualStudioVersion = 15.0.26730.3
MinimumVisualStudioVersion = 10.0.40219.1
Project("{FAE04EC0-301F-11D3-BF4B-00C04F79EFBC}") = "WebApplication4", "WebApplication4\WebApplication4.csproj", "{77AC8F99-51A0-4478-BDD4-5BCA3F397669}"
EndProject
Global
	GlobalSection(SolutionConfigurationPlatforms) = preSolution
		Debug|Any CPU = Debug|Any CPU
		Release|Any CPU = Release|Any CPU
	EndGlobalSection
	GlobalSection(ProjectConfigurationPlatforms) = postSolution
		{77AC8F99-51A0-4478-BDD4-5BCA3F397669}.Debug|Any CPU.ActiveCfg = Debug|Any CPU
		{77AC8F99-51A0-4478-BDD4-5BCA3F397669}.Debug|Any CPU.Build.0 = Debug|Any CPU
		{77AC8F99-51A0-4478-BDD4-5BCA3F397669}.Release|Any CPU.ActiveCfg = Release|Any CPU
		{77AC8F99-51A0-4478-BDD4-5BCA3F397669}.Release|Any CPU.Build.0 = Release|Any CPU
	EndGlobalSection
	GlobalSection(SolutionProperties) = preSolution
		HideSolutionNode = FALSE
	EndGlobalSection
	GlobalSection(ExtensibilityGlobals) = postSolution
		SolutionGuid = {F874A539-91A1-4BFD-897B-B7C6B004ED36}
	EndGlobalSection
EndGlobal
